
Microsoft Visual Studio Solution File, Format Version 12.00
# Visual Studio 15
VisualStudioVersion = 15.0.27428.2043
MinimumVisualStudioVersion = 10.0.40219.1
Project("{FAE04EC0-301F-11D3-BF4B-00C04F79EFBC}") = "ProjetoLivrariaEstoque", "ProjetoLivrariaEstoque\ProjetoLivrariaEstoque.csproj", "{3642AC2E-EBA4-4CC7-B58A-26F1D01CCE99}"
EndProject
Global
	GlobalSection(SolutionConfigurationPlatforms) = preSolution
		Debug|Any CPU = Debug|Any CPU
		Release|Any CPU = Release|Any CPU
	EndGlobalSection
	GlobalSection(ProjectConfigurationPlatforms) = postSolution
		{3642AC2E-EBA4-4CC7-B58A-26F1D01CCE99}.Debug|Any CPU.ActiveCfg = Debug|Any CPU
		{3642AC2E-EBA4-4CC7-B58A-26F1D01CCE99}.Debug|Any CPU.Build.0 = Debug|Any CPU
		{3642AC2E-EBA4-4CC7-B58A-26F1D01CCE99}.Release|Any CPU.ActiveCfg = Release|Any CPU
		{3642AC2E-EBA4-4CC7-B58A-26F1D01CCE99}.Release|Any CPU.Build.0 = Release|Any CPU
	EndGlobalSection
	GlobalSection(SolutionProperties) = preSolution
		HideSolutionNode = FALSE
	EndGlobalSection
	GlobalSection(ExtensibilityGlobals) = postSolution
		SolutionGuid = {B1131DF7-071B-43FC-984C-899E6496242B}
	EndGlobalSection
EndGlobal
